{
  "requires": true,
  "lockfileVersion": 1,
  "dependencies": {
    "jsqry": {
      "version": "1.2.2",
      "resolved": "https://registry.npmjs.org/jsqry/-/jsqry-1.2.2.tgz",
      "integrity": "sha512-jkMSspwQ8LYdnFiCLhcchHKZ8LiGzcsMe0108JO4aGntisuCgFS1gVUc3+9+0JGskV1Ct87m2GypTsCSlQjxfw=="
    }
  }
}
