{
  "requires": true,
  "lockfileVersion": 1,
  "dependencies": {
    "jsqry": {
      "version": "1.2.3",
      "resolved": "https://registry.npmjs.org/jsqry/-/jsqry-1.2.3.tgz",
      "integrity": "sha512-8OzEwoqRcTxvq5ITN+4K4faTMLqfWtxnsPORZfs0jiBymhPJWbHFjgNlyGwql0EZNF7zn1aTlLzrG/u38Yj02w=="
    },
    "prettier": {
      "version": "2.0.5",
      "resolved": "https://registry.npmjs.org/prettier/-/prettier-2.0.5.tgz",
      "integrity": "sha512-7PtVymN48hGcO4fGjybyBSIWDsLU4H4XlvOHfq91pz9kkGlonzwTfYkaIEwiRg/dAJF9YlbsduBAgtYLi+8cFg==",
      "dev": true
    }
  }
}
